
Microsoft Visual Studio Solution File, Format Version 12.00
# Visual Studio Version 17
VisualStudioVersion = 17.9.34902.65
MinimumVisualStudioVersion = 10.0.40219.1
Project("{FAE04EC0-301F-11D3-BF4B-00C04F79EFBC}") = "WpfApp1", "WpfApp1\WpfApp1.csproj", "{72054C2D-24C8-439F-A09A-38B37FD8E7CE}"
EndProject
Global
	GlobalSection(SolutionConfigurationPlatforms) = preSolution
		Debug|Any CPU = Debug|Any CPU
		Release|Any CPU = Release|Any CPU
	EndGlobalSection
	GlobalSection(ProjectConfigurationPlatforms) = postSolution
		{72054C2D-24C8-439F-A09A-38B37FD8E7CE}.Debug|Any CPU.ActiveCfg = Debug|Any CPU
		{72054C2D-24C8-439F-A09A-38B37FD8E7CE}.Debug|Any CPU.Build.0 = Debug|Any CPU
		{72054C2D-24C8-439F-A09A-38B37FD8E7CE}.Release|Any CPU.ActiveCfg = Release|Any CPU
		{72054C2D-24C8-439F-A09A-38B37FD8E7CE}.Release|Any CPU.Build.0 = Release|Any CPU
	EndGlobalSection
	GlobalSection(SolutionProperties) = preSolution
		HideSolutionNode = FALSE
	EndGlobalSection
	GlobalSection(ExtensibilityGlobals) = postSolution
		SolutionGuid = {C6626F55-8C81-4694-972F-0F420DD84E5F}
	EndGlobalSection
EndGlobal
